#MicroXplorer Configuration settings - do not modify
ADC1.Channel-0\#ChannelRegularConversion=ADC_CHANNEL_6
ADC1.Channel-1\#ChannelRegularConversion=ADC_CHANNEL_4
ADC1.Channel-2\#ChannelRegularConversion=ADC_CHANNEL_8
ADC1.ClockPrescaler=ADC_CLOCK_ASYNC_DIV2
ADC1.ContinuousConvMode=ENABLE
ADC1.ConversionDataManagement=ADC_CONVERSIONDATA_DMA_CIRCULAR
ADC1.ExternalTrigConv=ADC_SOFTWARE_START
ADC1.IPParameters=Rank-0\#ChannelRegularConversion,Channel-0\#ChannelRegularConversion,SamplingTime-0\#ChannelRegularConversion,OffsetNumber-0\#ChannelRegularConversion,OffsetSignedSaturation-0\#ChannelRegularConversion,NbrOfConversionFlag,ClockPrescaler,ContinuousConvMode,ConversionDataManagement,ExternalTrigConv,master,Rank-1\#ChannelRegularConversion,Channel-1\#ChannelRegularConversion,SamplingTime-1\#ChannelRegularConversion,OffsetNumber-1\#ChannelRegularConversion,OffsetSignedSaturation-1\#ChannelRegularConversion,Rank-2\#ChannelRegularConversion,Channel-2\#ChannelRegularConversion,SamplingTime-2\#ChannelRegularConversion,OffsetNumber-2\#ChannelRegularConversion,OffsetSignedSaturation-2\#ChannelRegularConversion,NbrOfConversion
ADC1.NbrOfConversion=3
ADC1.NbrOfConversionFlag=1
ADC1.OffsetNumber-0\#ChannelRegularConversion=ADC_OFFSET_NONE
ADC1.OffsetNumber-1\#ChannelRegularConversion=ADC_OFFSET_NONE
ADC1.OffsetNumber-2\#ChannelRegularConversion=ADC_OFFSET_NONE
ADC1.OffsetSignedSaturation-0\#ChannelRegularConversion=DISABLE
ADC1.OffsetSignedSaturation-1\#ChannelRegularConversion=DISABLE
ADC1.OffsetSignedSaturation-2\#ChannelRegularConversion=DISABLE
ADC1.Rank-0\#ChannelRegularConversion=1
ADC1.Rank-1\#ChannelRegularConversion=2
ADC1.Rank-2\#ChannelRegularConversion=3
ADC1.SamplingTime-0\#ChannelRegularConversion=ADC_SAMPLETIME_64CYCLES_5
ADC1.SamplingTime-1\#ChannelRegularConversion=ADC_SAMPLETIME_64CYCLES_5
ADC1.SamplingTime-2\#ChannelRegularConversion=ADC_SAMPLETIME_64CYCLES_5
ADC1.master=1
ADC2.ClockPrescaler=ADC_CLOCK_ASYNC_DIV2
ADC2.ContinuousConvMode=DISABLE
ADC2.ConversionDataManagement=ADC_CONVERSIONDATA_DR
ADC2.EnableInjectedConversion=ENABLE
ADC2.EnableRegularConversion=DISABLE
ADC2.ExternalTrigInjecConv=ADC_EXTERNALTRIGINJEC_T1_TRGO
ADC2.IPParameters=ContinuousConvMode,ConversionDataManagement,EnableRegularConversion,ClockPrescaler,EnableInjectedConversion,InjectedRank-4\#ChannelInjectedConversion,InjectedChannel-4\#ChannelInjectedConversion,InjectedSamplingTime-4\#ChannelInjectedConversion,InjectedOffsetNumber-4\#ChannelInjectedConversion,InjectedOffsetSignedSaturation-4\#ChannelInjectedConversion,InjectedOffsetSaturation-4\#ChannelInjectedConversion,InjectedRank-5\#ChannelInjectedConversion,InjectedChannel-5\#ChannelInjectedConversion,InjectedSamplingTime-5\#ChannelInjectedConversion,InjectedOffsetNumber-5\#ChannelInjectedConversion,InjectedOffsetSignedSaturation-5\#ChannelInjectedConversion,InjectedOffsetSaturation-5\#ChannelInjectedConversion,InjNumberOfConversion,ExternalTrigInjecConv,InjectedConvMode,injectedQueueMode
ADC2.InjNumberOfConversion=2
ADC2.InjectedChannel-4\#ChannelInjectedConversion=ADC_CHANNEL_3
ADC2.InjectedChannel-5\#ChannelInjectedConversion=ADC_CHANNEL_19
ADC2.InjectedConvMode=Discontinuous
ADC2.InjectedOffsetNumber-4\#ChannelInjectedConversion=ADC_OFFSET_NONE
ADC2.InjectedOffsetNumber-5\#ChannelInjectedConversion=ADC_OFFSET_NONE
ADC2.InjectedOffsetSaturation-4\#ChannelInjectedConversion=DISABLE
ADC2.InjectedOffsetSaturation-5\#ChannelInjectedConversion=DISABLE
ADC2.InjectedOffsetSignedSaturation-4\#ChannelInjectedConversion=DISABLE
ADC2.InjectedOffsetSignedSaturation-5\#ChannelInjectedConversion=DISABLE
ADC2.InjectedRank-4\#ChannelInjectedConversion=1
ADC2.InjectedRank-5\#ChannelInjectedConversion=2
ADC2.InjectedSamplingTime-4\#ChannelInjectedConversion=ADC_SAMPLETIME_64CYCLES_5
ADC2.InjectedSamplingTime-5\#ChannelInjectedConversion=ADC_SAMPLETIME_64CYCLES_5
ADC2.injectedQueueMode=ENABLE
CAD.formats=
CAD.pinconfig=
CAD.provider=
Dma.ADC1.0.Direction=DMA_PERIPH_TO_MEMORY
Dma.ADC1.0.EventEnable=DISABLE
Dma.ADC1.0.FIFOMode=DMA_FIFOMODE_DISABLE
Dma.ADC1.0.Instance=DMA1_Stream0
Dma.ADC1.0.MemDataAlignment=DMA_MDATAALIGN_HALFWORD
Dma.ADC1.0.MemInc=DMA_MINC_ENABLE
Dma.ADC1.0.Mode=DMA_CIRCULAR
Dma.ADC1.0.PeriphDataAlignment=DMA_PDATAALIGN_HALFWORD
Dma.ADC1.0.PeriphInc=DMA_PINC_DISABLE
Dma.ADC1.0.Polarity=HAL_DMAMUX_REQ_GEN_RISING
Dma.ADC1.0.Priority=DMA_PRIORITY_MEDIUM
Dma.ADC1.0.RequestNumber=1
Dma.ADC1.0.RequestParameters=Instance,Direction,PeriphInc,MemInc,PeriphDataAlignment,MemDataAlignment,Mode,Priority,FIFOMode,SignalID,Polarity,RequestNumber,SyncSignalID,SyncPolarity,SyncEnable,EventEnable,SyncRequestNumber
Dma.ADC1.0.SignalID=NONE
Dma.ADC1.0.SyncEnable=DISABLE
Dma.ADC1.0.SyncPolarity=HAL_DMAMUX_SYNC_NO_EVENT
Dma.ADC1.0.SyncRequestNumber=1
Dma.ADC1.0.SyncSignalID=NONE
Dma.Request0=ADC1
Dma.RequestsNb=1
File.Version=6
GPIO.groupedBy=Group By Peripherals
KeepUserPlacement=false
Mcu.CPN=STM32H743ZIT6
Mcu.Family=STM32H7
Mcu.IP0=ADC1
Mcu.IP1=ADC2
Mcu.IP2=CORTEX_M7
Mcu.IP3=DMA
Mcu.IP4=NVIC
Mcu.IP5=RCC
Mcu.IP6=TIM1
Mcu.IP7=TIM2
Mcu.IP8=TIM5
Mcu.IP9=TIM17
Mcu.IPNb=10
Mcu.Name=STM32H743ZITx
Mcu.Package=LQFP144
Mcu.Pin0=PA0
Mcu.Pin1=PA5
Mcu.Pin10=PE11
Mcu.Pin11=PE12
Mcu.Pin12=PE13
Mcu.Pin13=PD10
Mcu.Pin14=PD11
Mcu.Pin15=PD12
Mcu.Pin16=PD15
Mcu.Pin17=PA15 (JTDI)
Mcu.Pin18=PD3
Mcu.Pin19=PD4
Mcu.Pin2=PA6
Mcu.Pin20=PB3 (JTDO/TRACESWO)
Mcu.Pin21=VP_TIM1_VS_ClockSourceINT
Mcu.Pin22=VP_TIM5_VS_ClockSourceINT
Mcu.Pin23=VP_TIM17_VS_ClockSourceINT
Mcu.Pin3=PC4
Mcu.Pin4=PC5
Mcu.Pin5=PF12
Mcu.Pin6=PE7
Mcu.Pin7=PE8
Mcu.Pin8=PE9
Mcu.Pin9=PE10
Mcu.PinsNb=24
Mcu.ThirdPartyNb=0
Mcu.UserConstants=
Mcu.UserName=STM32H743ZITx
MxCube.Version=6.7.0
MxDb.Version=DB.6.0.70
NVIC.ADC_IRQn=true\:0\:0\:false\:false\:true\:true\:true\:true
NVIC.BusFault_IRQn=true\:0\:0\:false\:false\:true\:false\:false\:false
NVIC.DMA1_Stream0_IRQn=true\:5\:0\:true\:false\:true\:false\:true\:true
NVIC.DebugMonitor_IRQn=true\:0\:0\:false\:false\:true\:false\:false\:false
NVIC.EXTI9_5_IRQn=true\:2\:0\:true\:false\:true\:true\:true\:true
NVIC.ForceEnableDMAVector=true
NVIC.HardFault_IRQn=true\:0\:0\:false\:false\:true\:false\:false\:false
NVIC.MemoryManagement_IRQn=true\:0\:0\:false\:false\:true\:false\:false\:false
NVIC.NonMaskableInt_IRQn=true\:0\:0\:false\:false\:true\:false\:false\:false
NVIC.PendSV_IRQn=true\:0\:0\:false\:false\:true\:false\:false\:false
NVIC.PriorityGroup=NVIC_PRIORITYGROUP_4
NVIC.SVCall_IRQn=true\:0\:0\:false\:false\:true\:false\:false\:false
NVIC.SysTick_IRQn=true\:15\:0\:false\:false\:true\:false\:true\:false
NVIC.TIM17_IRQn=true\:3\:0\:true\:false\:true\:true\:true\:true
NVIC.TIM2_IRQn=true\:1\:0\:true\:false\:true\:true\:true\:true
NVIC.TIM5_IRQn=true\:4\:0\:true\:false\:true\:true\:true\:true
NVIC.UsageFault_IRQn=true\:0\:0\:false\:false\:true\:false\:false\:false
PA0.Signal=S_TIM5_CH1
PA15\ (JTDI).Locked=true
PA15\ (JTDI).Signal=S_TIM2_CH1_ETR
PA5.Signal=ADCx_INP19
PA6.Signal=ADCx_INP3
PB3\ (JTDO/TRACESWO).Locked=true
PB3\ (JTDO/TRACESWO).Signal=S_TIM2_CH2
PC4.Signal=ADCx_INP4
PC5.Signal=ADCx_INP8
PD10.Locked=true
PD10.Signal=GPIO_Output
PD11.Locked=true
PD11.Signal=GPIO_Output
PD12.Locked=true
PD12.Signal=GPIO_Output
PD15.GPIOParameters=GPIO_Speed,PinState
PD15.GPIO_Speed=GPIO_SPEED_FREQ_VERY_HIGH
PD15.Locked=true
PD15.PinState=GPIO_PIN_SET
PD15.Signal=GPIO_Output
PD3.GPIOParameters=GPIO_PuPd
PD3.GPIO_PuPd=GPIO_PULLUP
PD3.Locked=true
PD3.Signal=GPIO_Input
PD4.GPIOParameters=GPIO_PuPd
PD4.GPIO_PuPd=GPIO_PULLUP
PD4.Locked=true
PD4.Signal=GPIO_Input
PE10.Locked=true
PE10.Mode=PWM Generation2 CH2 CH2N
PE10.Signal=TIM1_CH2N
PE11.Signal=S_TIM1_CH2
PE12.Locked=true
PE12.Mode=PWM Generation3 CH3 CH3N
PE12.Signal=TIM1_CH3N
PE13.Signal=S_TIM1_CH3
PE7.Locked=true
PE7.Signal=GPXTI7
PE8.Locked=true
PE8.Mode=PWM Generation1 CH1 CH1N
PE8.Signal=TIM1_CH1N
PE9.Signal=S_TIM1_CH1
PF12.Locked=true
PF12.Mode=IN6-Single-Ended
PF12.Signal=ADC1_INP6
PinOutPanel.RotationAngle=0
ProjectManager.AskForMigrate=true
ProjectManager.BackupPrevious=false
ProjectManager.CompilerOptimize=6
ProjectManager.ComputerToolchain=false
ProjectManager.CoupleFile=false
ProjectManager.CustomerFirmwarePackage=
ProjectManager.DefaultFWLocation=true
ProjectManager.DeletePrevious=true
ProjectManager.DeviceId=STM32H743ZITx
ProjectManager.FirmwarePackage=STM32Cube FW_H7 V1.11.2
ProjectManager.FreePins=false
ProjectManager.HalAssertFull=false
ProjectManager.HeapSize=0x200
ProjectManager.KeepUserCode=true
ProjectManager.LastFirmware=true
ProjectManager.LibraryCopy=1
ProjectManager.MainLocation=Core/Src
ProjectManager.NoMain=false
ProjectManager.PreviousToolchain=
ProjectManager.ProjectBuild=false
ProjectManager.ProjectFileName=Centre_Aligned_PWM.ioc
ProjectManager.ProjectName=Centre_Aligned_PWM
ProjectManager.RegisterCallBack=
ProjectManager.StackSize=0x400
ProjectManager.TargetToolchain=STM32CubeIDE
ProjectManager.ToolChainLocation=
ProjectManager.UnderRoot=true
ProjectManager.functionlistsort=1-SystemClock_Config-RCC-false-HAL-false,2-MX_GPIO_Init-GPIO-false-HAL-true,3-MX_DMA_Init-DMA-false-HAL-true,4-MX_TIM1_Init-TIM1-false-HAL-true,5-MX_ADC2_Init-ADC2-false-HAL-true,6-MX_TIM5_Init-TIM5-false-HAL-true,7-MX_TIM17_Init-TIM17-false-HAL-true,8-MX_ADC1_Init-ADC1-false-HAL-true,9-MX_TIM2_Init-TIM2-false-HAL-true,0-MX_CORTEX_M7_Init-CORTEX_M7-false-HAL-true
RCC.ADCFreq_Value=37500000
RCC.AHB12Freq_Value=100000000
RCC.AHB4Freq_Value=100000000
RCC.APB1Freq_Value=100000000
RCC.APB2Freq_Value=100000000
RCC.APB3Freq_Value=100000000
RCC.APB4Freq_Value=100000000
RCC.AXIClockFreq_Value=100000000
RCC.CECFreq_Value=32000
RCC.CKPERFreq_Value=64000000
RCC.CortexFreq_Value=100000000
RCC.CpuClockFreq_Value=100000000
RCC.D1CPREFreq_Value=100000000
RCC.DFSDMACLkFreq_Value=100000000
RCC.DFSDMFreq_Value=100000000
RCC.DIVM1=4
RCC.DIVM2=4
RCC.DIVN1=12
RCC.DIVN2=9
RCC.DIVP1Freq_Value=100000000
RCC.DIVP2=4
RCC.DIVP2Freq_Value=37500000
RCC.DIVP3Freq_Value=129000000
RCC.DIVQ1Freq_Value=100000000
RCC.DIVQ2Freq_Value=75000000
RCC.DIVQ3Freq_Value=129000000
RCC.DIVR1Freq_Value=100000000
RCC.DIVR2Freq_Value=75000000
RCC.DIVR3Freq_Value=129000000
RCC.FDCANFreq_Value=100000000
RCC.FLatency=FLASH_LATENCY_2
RCC.FMCFreq_Value=100000000
RCC.FamilyName=M
RCC.HCLK3ClockFreq_Value=100000000
RCC.HCLKFreq_Value=100000000
RCC.HRTIMFreq_Value=100000000
RCC.HSICalibrationValue=64
RCC.I2C123Freq_Value=100000000
RCC.I2C4Freq_Value=100000000
RCC.IPParameters=ADCFreq_Value,AHB12Freq_Value,AHB4Freq_Value,APB1Freq_Value,APB2Freq_Value,APB3Freq_Value,APB4Freq_Value,AXIClockFreq_Value,CECFreq_Value,CKPERFreq_Value,CortexFreq_Value,CpuClockFreq_Value,D1CPREFreq_Value,DFSDMACLkFreq_Value,DFSDMFreq_Value,DIVM1,DIVM2,DIVN1,DIVN2,DIVP1Freq_Value,DIVP2,DIVP2Freq_Value,DIVP3Freq_Value,DIVQ1Freq_Value,DIVQ2Freq_Value,DIVQ3Freq_Value,DIVR1Freq_Value,DIVR2Freq_Value,DIVR3Freq_Value,FDCANFreq_Value,FLatency,FMCFreq_Value,FamilyName,HCLK3ClockFreq_Value,HCLKFreq_Value,HRTIMFreq_Value,HSICalibrationValue,I2C123Freq_Value,I2C4Freq_Value,LPTIM1Freq_Value,LPTIM2Freq_Value,LPTIM345Freq_Value,LPUART1Freq_Value,LTDCFreq_Value,MCO1PinFreq_Value,MCO2PinFreq_Value,PLL2FRACN,PLLFRACN,ProductRev,QSPIFreq_Value,RNGFreq_Value,RTCFreq_Value,SAI1Freq_Value,SAI23Freq_Value,SAI4AFreq_Value,SAI4BFreq_Value,SDMMCFreq_Value,SPDIFRXFreq_Value,SPI123Freq_Value,SPI45Freq_Value,SPI6Freq_Value,SWPMI1Freq_Value,SYSCLKFreq_VALUE,SYSCLKSource,Tim1OutputFreq_Value,Tim2OutputFreq_Value,TraceFreq_Value,USART16Freq_Value,USART234578Freq_Value,USBFreq_Value,VCO1OutputFreq_Value,VCO2OutputFreq_Value,VCO3OutputFreq_Value,VCOInput1Freq_Value,VCOInput2Freq_Value,VCOInput3Freq_Value
RCC.LPTIM1Freq_Value=100000000
RCC.LPTIM2Freq_Value=100000000
RCC.LPTIM345Freq_Value=100000000
RCC.LPUART1Freq_Value=100000000
RCC.LTDCFreq_Value=129000000
RCC.MCO1PinFreq_Value=64000000
RCC.MCO2PinFreq_Value=100000000
RCC.PLL2FRACN=3072
RCC.PLLFRACN=4096
RCC.ProductRev=revV
RCC.QSPIFreq_Value=100000000
RCC.RNGFreq_Value=48000000
RCC.RTCFreq_Value=32000
RCC.SAI1Freq_Value=100000000
RCC.SAI23Freq_Value=100000000
RCC.SAI4AFreq_Value=100000000
RCC.SAI4BFreq_Value=100000000
RCC.SDMMCFreq_Value=100000000
RCC.SPDIFRXFreq_Value=100000000
RCC.SPI123Freq_Value=100000000
RCC.SPI45Freq_Value=100000000
RCC.SPI6Freq_Value=100000000
RCC.SWPMI1Freq_Value=100000000
RCC.SYSCLKFreq_VALUE=100000000
RCC.SYSCLKSource=RCC_SYSCLKSOURCE_PLLCLK
RCC.Tim1OutputFreq_Value=100000000
RCC.Tim2OutputFreq_Value=100000000
RCC.TraceFreq_Value=64000000
RCC.USART16Freq_Value=100000000
RCC.USART234578Freq_Value=100000000
RCC.USBFreq_Value=100000000
RCC.VCO1OutputFreq_Value=200000000
RCC.VCO2OutputFreq_Value=150000000
RCC.VCO3OutputFreq_Value=258000000
RCC.VCOInput1Freq_Value=16000000
RCC.VCOInput2Freq_Value=16000000
RCC.VCOInput3Freq_Value=2000000
SH.ADCx_INP19.0=ADC2_INP19,IN19-Single-Ended
SH.ADCx_INP19.ConfNb=1
SH.ADCx_INP3.0=ADC2_INP3,IN3-Single-Ended
SH.ADCx_INP3.ConfNb=1
SH.ADCx_INP4.0=ADC1_INP4,IN4-Single-Ended
SH.ADCx_INP4.ConfNb=1
SH.ADCx_INP8.0=ADC1_INP8,IN8-Single-Ended
SH.ADCx_INP8.ConfNb=1
SH.GPXTI7.0=GPIO_EXTI7
SH.GPXTI7.ConfNb=1
SH.S_TIM1_CH1.0=TIM1_CH1,PWM Generation1 CH1 CH1N
SH.S_TIM1_CH1.ConfNb=1
SH.S_TIM1_CH2.0=TIM1_CH2,PWM Generation2 CH2 CH2N
SH.S_TIM1_CH2.ConfNb=1
SH.S_TIM1_CH3.0=TIM1_CH3,PWM Generation3 CH3 CH3N
SH.S_TIM1_CH3.ConfNb=1
SH.S_TIM2_CH1_ETR.0=TIM2_CH1,Encoder_Interface
SH.S_TIM2_CH1_ETR.ConfNb=1
SH.S_TIM2_CH2.0=TIM2_CH2,Encoder_Interface
SH.S_TIM2_CH2.ConfNb=1
SH.S_TIM5_CH1.0=TIM5_CH1,PWM_Input_1
SH.S_TIM5_CH1.ConfNb=1
TIM1.AutoReloadPreload=TIM_AUTORELOAD_PRELOAD_ENABLE
TIM1.Channel-PWM\ Generation1\ CH1\ CH1N=TIM_CHANNEL_1
TIM1.Channel-PWM\ Generation2\ CH2\ CH2N=TIM_CHANNEL_2
TIM1.Channel-PWM\ Generation3\ CH3\ CH3N=TIM_CHANNEL_3
TIM1.CounterMode=TIM_COUNTERMODE_CENTERALIGNED1
TIM1.DeadTime=100
TIM1.IPParameters=Prescaler,Period,AutoReloadPreload,CounterMode,OCNPolarity_1,OCNIdleState_1,Channel-PWM Generation1 CH1 CH1N,Channel-PWM Generation2 CH2 CH2N,Channel-PWM Generation3 CH3 CH3N,DeadTime,OCNIdleState_3,OCNIdleState_2,TIM_MasterOutputTrigger,RepetitionCounter
TIM1.OCNIdleState_1=TIM_OCNIDLESTATE_SET
TIM1.OCNIdleState_2=TIM_OCNIDLESTATE_SET
TIM1.OCNIdleState_3=TIM_OCNIDLESTATE_SET
TIM1.OCNPolarity_1=TIM_OCNPOLARITY_HIGH
TIM1.Period=2499
TIM1.Prescaler=19
TIM1.RepetitionCounter=1
TIM1.TIM_MasterOutputTrigger=TIM_TRGO_UPDATE
TIM17.AutoReloadPreload=TIM_AUTORELOAD_PRELOAD_ENABLE
TIM17.IPParameters=Period,Prescaler,AutoReloadPreload
TIM17.Period=2499
TIM17.Prescaler=3
TIM2.AutoReloadPreload=TIM_AUTORELOAD_PRELOAD_ENABLE
TIM2.EncoderMode=TIM_ENCODERMODE_TI12
TIM2.IC1Filter=10
TIM2.IC2Filter=10
TIM2.IPParameters=Period,AutoReloadPreload,EncoderMode,IC1Filter,IC2Filter
TIM2.Period=4095
TIM5.ICFilter_1=10
TIM5.ICFilter_2=10
TIM5.IPParameters=Prescaler,ICFilter_1,ICFilter_2
TIM5.Prescaler=99
VP_TIM17_VS_ClockSourceINT.Mode=Enable_Timer
VP_TIM17_VS_ClockSourceINT.Signal=TIM17_VS_ClockSourceINT
VP_TIM1_VS_ClockSourceINT.Mode=Internal
VP_TIM1_VS_ClockSourceINT.Signal=TIM1_VS_ClockSourceINT
VP_TIM5_VS_ClockSourceINT.Mode=Internal
VP_TIM5_VS_ClockSourceINT.Signal=TIM5_VS_ClockSourceINT
board=custom
isbadioc=false
